// !$*UTF8*$!
{
	archiveVersion = 1;
	classes = {
	};
	objectVersion = 46;
	objects = {

/* Begin PBXAppleScriptBuildPhase section */
		257572C4072881A4000BE9CA /* AppleScript */ = {
			isa = PBXAppleScriptBuildPhase;
			buildActionMask = 2147483647;
			contextName = "";
			files = (
				16A9519B120B30F200BDC212 /* simple.applescript in AppleScript */,
				1644743D1249940A00863FA4 /* QuickMusic2.applescript in AppleScript */,
			);
			isSharedContext = 0;
			runOnlyForDeploymentPostprocessing = 0;
		};
/* End PBXAppleScriptBuildPhase section */

/* Begin PBXBuildFile section */
		1644743D1249940A00863FA4 /* QuickMusic2.applescript in AppleScript */ = {isa = PBXBuildFile; fileRef = 1644743C1249940A00863FA4 /* QuickMusic2.applescript */; settings = {ATTRIBUTES = (Debug, ); }; };
		16751E13130B9CFC00DB7AF9 /* tex2.jpg in Resources */ = {isa = PBXBuildFile; fileRef = 16751E12130B9CFC00DB7AF9 /* tex2.jpg */; };
		16751F4A130BB20C00DB7AF9 /* hmm.h in Headers */ = {isa = PBXBuildFile; fileRef = 16751F48130BB20C00DB7AF9 /* hmm.h */; };
		16751F4B130BB20C00DB7AF9 /* hmm.m in Sources */ = {isa = PBXBuildFile; fileRef = 16751F49130BB20C00DB7AF9 /* hmm.m */; };
		16751F7B130BB44C00DB7AF9 /* clickthroughview.h in Headers */ = {isa = PBXBuildFile; fileRef = 16751F79130BB44C00DB7AF9 /* clickthroughview.h */; };
		16751F7C130BB44C00DB7AF9 /* clickthroughview.m in Sources */ = {isa = PBXBuildFile; fileRef = 16751F7A130BB44C00DB7AF9 /* clickthroughview.m */; };
		168C9FA6130DCE0F00C97E25 /* C_Drag.h in Headers */ = {isa = PBXBuildFile; fileRef = 168C9FA4130DCE0F00C97E25 /* C_Drag.h */; };
		168C9FA7130DCE0F00C97E25 /* C_Drag.m in Sources */ = {isa = PBXBuildFile; fileRef = 168C9FA5130DCE0F00C97E25 /* C_Drag.m */; };
		16A95096120A8C1D00BDC212 /* CustomWindow.h in Headers */ = {isa = PBXBuildFile; fileRef = 16A9508F120A8C1D00BDC212 /* CustomWindow.h */; };
		16A95097120A8C1D00BDC212 /* CustomWindow.m in Sources */ = {isa = PBXBuildFile; fileRef = 16A95090120A8C1D00BDC212 /* CustomWindow.m */; };
		16A95198120B2C0E00BDC212 /* bigtex.jpg in Resources */ = {isa = PBXBuildFile; fileRef = 16A95197120B2C0E00BDC212 /* bigtex.jpg */; };
		16A9519B120B30F200BDC212 /* simple.applescript in AppleScript */ = {isa = PBXBuildFile; fileRef = 16A9519A120B30F200BDC212 /* simple.applescript */; settings = {ATTRIBUTES = (Debug, ); }; };
		16FC7AA91274D331005F376F /* roundtiny.h in Headers */ = {isa = PBXBuildFile; fileRef = 16FC7AA71274D331005F376F /* roundtiny.h */; };
		16FC7AAA1274D331005F376F /* roundtiny.m in Sources */ = {isa = PBXBuildFile; fileRef = 16FC7AA81274D331005F376F /* roundtiny.m */; };
		257572C8072881A4000BE9CA /* InfoPlist.strings in Resources */ = {isa = PBXBuildFile; fileRef = 089C165CFE840E0CC02AAC07 /* InfoPlist.strings */; };
		257572CA072881A4000BE9CA /* main.m in Sources */ = {isa = PBXBuildFile; fileRef = 29B97316FDCFA39411CA2CEA /* main.m */; settings = {ATTRIBUTES = (); }; };
		257572CC072881A4000BE9CA /* Cocoa.framework in Frameworks */ = {isa = PBXBuildFile; fileRef = 1058C7A1FEA54F0111CA2CBB /* Cocoa.framework */; };
		257572CD072881A4000BE9CA /* AppleScriptKit.framework in Frameworks */ = {isa = PBXBuildFile; fileRef = DA206CF1015C4E2903C91932 /* AppleScriptKit.framework */; };
		60A014C40DBD2AA20071D9A8 /* MainMenu.xib in Resources */ = {isa = PBXBuildFile; fileRef = 60A014C20DBD2AA20071D9A8 /* MainMenu.xib */; };
/* End PBXBuildFile section */

/* Begin PBXFileReference section */
		00526DDC163270D900C4E219 /* MattTestt.xib */ = {isa = PBXFileReference; lastKnownFileType = file.xib; name = MattTestt.xib; path = ../MattTestt.xib; sourceTree = "<group>"; };
		089C165DFE840E0CC02AAC07 /* English */ = {isa = PBXFileReference; fileEncoding = 10; lastKnownFileType = text.plist.strings; name = English; path = English.lproj/InfoPlist.strings; sourceTree = "<group>"; };
		1058C7A1FEA54F0111CA2CBB /* Cocoa.framework */ = {isa = PBXFileReference; lastKnownFileType = wrapper.framework; name = Cocoa.framework; path = /System/Library/Frameworks/Cocoa.framework; sourceTree = "<absolute>"; };
		1603D2AC127B695000C69995 /* Foundation.framework */ = {isa = PBXFileReference; lastKnownFileType = wrapper.framework; name = Foundation.framework; path = System/Library/Frameworks/Foundation.framework; sourceTree = SDKROOT; };
		1644743C1249940A00863FA4 /* QuickMusic2.applescript */ = {isa = PBXFileReference; fileEncoding = 4; lastKnownFileType = sourcecode.applescript; path = QuickMusic2.applescript; sourceTree = "<group>"; };
		16751E12130B9CFC00DB7AF9 /* tex2.jpg */ = {isa = PBXFileReference; lastKnownFileType = image.jpeg; path = tex2.jpg; sourceTree = "<group>"; };
		16751F48130BB20C00DB7AF9 /* hmm.h */ = {isa = PBXFileReference; fileEncoding = 4; lastKnownFileType = sourcecode.c.h; path = hmm.h; sourceTree = "<group>"; };
		16751F49130BB20C00DB7AF9 /* hmm.m */ = {isa = PBXFileReference; fileEncoding = 4; lastKnownFileType = sourcecode.c.objc; path = hmm.m; sourceTree = "<group>"; };
		16751F79130BB44C00DB7AF9 /* clickthroughview.h */ = {isa = PBXFileReference; fileEncoding = 4; lastKnownFileType = sourcecode.c.h; path = clickthroughview.h; sourceTree = "<group>"; };
		16751F7A130BB44C00DB7AF9 /* clickthroughview.m */ = {isa = PBXFileReference; fileEncoding = 4; lastKnownFileType = sourcecode.c.objc; path = clickthroughview.m; sourceTree = "<group>"; };
		168C9FA4130DCE0F00C97E25 /* C_Drag.h */ = {isa = PBXFileReference; fileEncoding = 4; lastKnownFileType = sourcecode.c.h; path = C_Drag.h; sourceTree = "<group>"; };
		168C9FA5130DCE0F00C97E25 /* C_Drag.m */ = {isa = PBXFileReference; fileEncoding = 4; lastKnownFileType = sourcecode.c.objc; path = C_Drag.m; sourceTree = "<group>"; };
		16A9508F120A8C1D00BDC212 /* CustomWindow.h */ = {isa = PBXFileReference; fileEncoding = 4; lastKnownFileType = sourcecode.c.h; path = CustomWindow.h; sourceTree = "<group>"; };
		16A95090120A8C1D00BDC212 /* CustomWindow.m */ = {isa = PBXFileReference; fileEncoding = 4; lastKnownFileType = sourcecode.c.objc; path = CustomWindow.m; sourceTree = "<group>"; };
		16A95197120B2C0E00BDC212 /* bigtex.jpg */ = {isa = PBXFileReference; lastKnownFileType = image.jpeg; path = bigtex.jpg; sourceTree = "<group>"; };
		16A9519A120B30F200BDC212 /* simple.applescript */ = {isa = PBXFileReference; fileEncoding = 4; lastKnownFileType = sourcecode.applescript; path = simple.applescript; sourceTree = "<group>"; };
		16FC7AA71274D331005F376F /* roundtiny.h */ = {isa = PBXFileReference; fileEncoding = 4; lastKnownFileType = sourcecode.c.h; path = roundtiny.h; sourceTree = "<group>"; };
		16FC7AA81274D331005F376F /* roundtiny.m */ = {isa = PBXFileReference; fileEncoding = 4; lastKnownFileType = sourcecode.c.objc; path = roundtiny.m; sourceTree = "<group>"; };
		257572D5072881A4000BE9CA /* Info.plist */ = {isa = PBXFileReference; lastKnownFileType = text.plist.xml; path = Info.plist; sourceTree = "<group>"; };
		257572D6072881A4000BE9CA /* QuickMusic.app */ = {isa = PBXFileReference; explicitFileType = wrapper.application; includeInIndex = 0; path = QuickMusic.app; sourceTree = BUILT_PRODUCTS_DIR; };
		29B97316FDCFA39411CA2CEA /* main.m */ = {isa = PBXFileReference; fileEncoding = 30; lastKnownFileType = sourcecode.c.objc; path = main.m; sourceTree = "<group>"; };
		29B97324FDCFA39411CA2CEA /* AppKit.framework */ = {isa = PBXFileReference; lastKnownFileType = wrapper.framework; name = AppKit.framework; path = /System/Library/Frameworks/AppKit.framework; sourceTree = "<absolute>"; };
		29B97325FDCFA39411CA2CEA /* Foundation.framework */ = {isa = PBXFileReference; lastKnownFileType = wrapper.framework; name = Foundation.framework; path = /System/Library/Frameworks/Foundation.framework; sourceTree = "<absolute>"; };
		60A014C30DBD2AA20071D9A8 /* English */ = {isa = PBXFileReference; lastKnownFileType = file.xib; name = English; path = English.lproj/MainMenu.xib; sourceTree = "<group>"; };
		65359356078DD41800E8BB2F /* AppleScriptKit.sdef */ = {isa = PBXFileReference; fileEncoding = 30; lastKnownFileType = text.sdef; name = AppleScriptKit.sdef; path = /System/Library/Frameworks/AppleScriptKit.framework/Versions/A/Resources/AppleScriptKit.sdef; sourceTree = "<absolute>"; };
		DA206CF1015C4E2903C91932 /* AppleScriptKit.framework */ = {isa = PBXFileReference; lastKnownFileType = wrapper.framework; name = AppleScriptKit.framework; path = /System/Library/Frameworks/AppleScriptKit.framework; sourceTree = "<absolute>"; };
/* End PBXFileReference section */

/* Begin PBXFrameworksBuildPhase section */
		257572CB072881A4000BE9CA /* Frameworks */ = {
			isa = PBXFrameworksBuildPhase;
			buildActionMask = 2147483647;
			files = (
				257572CC072881A4000BE9CA /* Cocoa.framework in Frameworks */,
				257572CD072881A4000BE9CA /* AppleScriptKit.framework in Frameworks */,
			);
			runOnlyForDeploymentPostprocessing = 0;
		};
/* End PBXFrameworksBuildPhase section */

/* Begin PBXGroup section */
		080E96DDFE201D6D7F000001 /* Scripts */ = {
			isa = PBXGroup;
			children = (
				16751F48130BB20C00DB7AF9 /* hmm.h */,
				16751F49130BB20C00DB7AF9 /* hmm.m */,
				1644743C1249940A00863FA4 /* QuickMusic2.applescript */,
			);
			name = Scripts;
			sourceTree = "<group>";
		};
		1058C7A0FEA54F0111CA2CBB /* Linked Frameworks */ = {
			isa = PBXGroup;
			children = (
				1058C7A1FEA54F0111CA2CBB /* Cocoa.framework */,
				DA206CF1015C4E2903C91932 /* AppleScriptKit.framework */,
			);
			name = "Linked Frameworks";
			sourceTree = "<group>";
		};
		1058C7A2FEA54F0111CA2CBB /* Other Frameworks */ = {
			isa = PBXGroup;
			children = (
				29B97325FDCFA39411CA2CEA /* Foundation.framework */,
				29B97324FDCFA39411CA2CEA /* AppKit.framework */,
			);
			name = "Other Frameworks";
			sourceTree = "<group>";
		};
		19C28FACFE9D520D11CA2CBB /* Products */ = {
			isa = PBXGroup;
			children = (
				257572D6072881A4000BE9CA /* QuickMusic.app */,
			);
			name = Products;
			sourceTree = "<group>";
		};
		29B97314FDCFA39411CA2CEA /* QuickMusic */ = {
			isa = PBXGroup;
			children = (
				16FC7AA71274D331005F376F /* roundtiny.h */,
				16FC7AA81274D331005F376F /* roundtiny.m */,
				16A95197120B2C0E00BDC212 /* bigtex.jpg */,
				16A9508F120A8C1D00BDC212 /* CustomWindow.h */,
				16A95090120A8C1D00BDC212 /* CustomWindow.m */,
				080E96DDFE201D6D7F000001 /* Scripts */,
				29B97317FDCFA39411CA2CEA /* Resources */,
				29B97315FDCFA39411CA2CEA /* Other Sources */,
				29B97323FDCFA39411CA2CEA /* Frameworks */,
				19C28FACFE9D520D11CA2CBB /* Products */,
				257572D5072881A4000BE9CA /* Info.plist */,
				16A9519A120B30F200BDC212 /* simple.applescript */,
				16751E12130B9CFC00DB7AF9 /* tex2.jpg */,
				168C9FA4130DCE0F00C97E25 /* C_Drag.h */,
				168C9FA5130DCE0F00C97E25 /* C_Drag.m */,
			);
			name = QuickMusic;
			sourceTree = "<group>";
		};
		29B97315FDCFA39411CA2CEA /* Other Sources */ = {
			isa = PBXGroup;
			children = (
				29B97316FDCFA39411CA2CEA /* main.m */,
			);
			name = "Other Sources";
			sourceTree = "<group>";
		};
		29B97317FDCFA39411CA2CEA /* Resources */ = {
			isa = PBXGroup;
			children = (
				60A014C20DBD2AA20071D9A8 /* MainMenu.xib */,
				00526DDC163270D900C4E219 /* MattTestt.xib */,
				089C165CFE840E0CC02AAC07 /* InfoPlist.strings */,
				65359356078DD41800E8BB2F /* AppleScriptKit.sdef */,
			);
			name = Resources;
			sourceTree = "<group>";
		};
		29B97323FDCFA39411CA2CEA /* Frameworks */ = {
			isa = PBXGroup;
			children = (
				16751F79130BB44C00DB7AF9 /* clickthroughview.h */,
				16751F7A130BB44C00DB7AF9 /* clickthroughview.m */,
				1058C7A0FEA54F0111CA2CBB /* Linked Frameworks */,
				1058C7A2FEA54F0111CA2CBB /* Other Frameworks */,
				1603D2AC127B695000C69995 /* Foundation.framework */,
			);
			name = Frameworks;
			sourceTree = "<group>";
		};
/* End PBXGroup section */

/* Begin PBXHeadersBuildPhase section */
		257572C3072881A4000BE9CA /* Headers */ = {
			isa = PBXHeadersBuildPhase;
			buildActionMask = 2147483647;
			files = (
				16A95096120A8C1D00BDC212 /* CustomWindow.h in Headers */,
				16FC7AA91274D331005F376F /* roundtiny.h in Headers */,
				16751F4A130BB20C00DB7AF9 /* hmm.h in Headers */,
				16751F7B130BB44C00DB7AF9 /* clickthroughview.h in Headers */,
				168C9FA6130DCE0F00C97E25 /* C_Drag.h in Headers */,
			);
			runOnlyForDeploymentPostprocessing = 0;
		};
/* End PBXHeadersBuildPhase section */

/* Begin PBXNativeTarget section */
		257572C2072881A4000BE9CA /* QuickMusic */ = {
			isa = PBXNativeTarget;
			buildConfigurationList = 4E71A80508A2C90C0034BBD9 /* Build configuration list for PBXNativeTarget "QuickMusic" */;
			buildPhases = (
				257572C3072881A4000BE9CA /* Headers */,
				257572C4072881A4000BE9CA /* AppleScript */,
				257572C6072881A4000BE9CA /* Resources */,
				257572C9072881A4000BE9CA /* Sources */,
				257572CB072881A4000BE9CA /* Frameworks */,
			);
			buildRules = (
			);
			dependencies = (
			);
			name = QuickMusic;
			productInstallPath = "$(HOME)/Applications";
			productName = QuickMusic;
			productReference = 257572D6072881A4000BE9CA /* QuickMusic.app */;
			productType = "com.apple.product-type.application";
		};
/* End PBXNativeTarget section */

/* Begin PBXProject section */
		29B97313FDCFA39411CA2CEA /* Project object */ = {
			isa = PBXProject;
			buildConfigurationList = 4E71A80908A2C90C0034BBD9 /* Build configuration list for PBXProject "QuickMusic" */;
			compatibilityVersion = "Xcode 3.2";
			developmentRegion = English;
			hasScannedForEncodings = 1;
			knownRegions = (
				English,
				Japanese,
				French,
				German,
			);
			mainGroup = 29B97314FDCFA39411CA2CEA /* QuickMusic */;
			projectDirPath = "";
			projectRoot = "";
			targets = (
				257572C2072881A4000BE9CA /* QuickMusic */,
			);
		};
/* End PBXProject section */

/* Begin PBXResourcesBuildPhase section */
		257572C6072881A4000BE9CA /* Resources */ = {
			isa = PBXResourcesBuildPhase;
			buildActionMask = 2147483647;
			files = (
				257572C8072881A4000BE9CA /* InfoPlist.strings in Resources */,
				60A014C40DBD2AA20071D9A8 /* MainMenu.xib in Resources */,
				16A95198120B2C0E00BDC212 /* bigtex.jpg in Resources */,
				16751E13130B9CFC00DB7AF9 /* tex2.jpg in Resources */,
			);
			runOnlyForDeploymentPostprocessing = 0;
		};
/* End PBXResourcesBuildPhase section */

/* Begin PBXSourcesBuildPhase section */
		257572C9072881A4000BE9CA /* Sources */ = {
			isa = PBXSourcesBuildPhase;
			buildActionMask = 2147483647;
			files = (
				257572CA072881A4000BE9CA /* main.m in Sources */,
				16A95097120A8C1D00BDC212 /* CustomWindow.m in Sources */,
				16FC7AAA1274D331005F376F /* roundtiny.m in Sources */,
				16751F4B130BB20C00DB7AF9 /* hmm.m in Sources */,
				16751F7C130BB44C00DB7AF9 /* clickthroughview.m in Sources */,
				168C9FA7130DCE0F00C97E25 /* C_Drag.m in Sources */,
			);
			runOnlyForDeploymentPostprocessing = 0;
		};
/* End PBXSourcesBuildPhase section */

/* Begin PBXVariantGroup section */
		089C165CFE840E0CC02AAC07 /* InfoPlist.strings */ = {
			isa = PBXVariantGroup;
			children = (
				089C165DFE840E0CC02AAC07 /* English */,
			);
			name = InfoPlist.strings;
			sourceTree = "<group>";
		};
		60A014C20DBD2AA20071D9A8 /* MainMenu.xib */ = {
			isa = PBXVariantGroup;
			children = (
				60A014C30DBD2AA20071D9A8 /* English */,
			);
			name = MainMenu.xib;
			sourceTree = "<group>";
		};
/* End PBXVariantGroup section */

/* Begin XCBuildConfiguration section */
		4E71A80608A2C90C0034BBD9 /* Debug */ = {
			isa = XCBuildConfiguration;
			buildSettings = {
				ARCHS = "$(ARCHS_STANDARD_32_64_BIT)";
				COPY_PHASE_STRIP = NO;
				GCC_DYNAMIC_NO_PIC = NO;
				GCC_ENABLE_FIX_AND_CONTINUE = YES;
				GCC_MODEL_TUNING = G5;
				GCC_OPTIMIZATION_LEVEL = 0;
				INFOPLIST_FILE = Info.plist;
				INSTALL_PATH = "$(HOME)/Applications";
				PRODUCT_NAME = QuickMusic;
				SDKROOT = macosx10.7;
				WRAPPER_EXTENSION = app;
			};
			name = Debug;
		};
		4E71A80708A2C90C0034BBD9 /* Release */ = {
			isa = XCBuildConfiguration;
			buildSettings = {
				ARCHS = "$(ARCHS_STANDARD_32_64_BIT)";
				DEBUG_INFORMATION_FORMAT = "dwarf-with-dsym";
				GCC_MODEL_TUNING = G5;
				INFOPLIST_FILE = Info.plist;
				INSTALL_PATH = "$(HOME)/Applications";
				OTHER_OSAFLAGS = "-x";
				PRODUCT_NAME = QuickMusic;
				SDKROOT = macosx10.7;
				WRAPPER_EXTENSION = app;
			};
			name = Release;
		};
		4E71A80A08A2C90C0034BBD9 /* Debug */ = {
			isa = XCBuildConfiguration;
			buildSettings = {
				ARCHS = "$(ARCHS_STANDARD_32_BIT)";
				GCC_C_LANGUAGE_STANDARD = c99;
				GCC_WARN_ABOUT_RETURN_TYPE = YES;
				GCC_WARN_UNUSED_VARIABLE = YES;
				ONLY_ACTIVE_ARCH = YES;
				PREBINDING = NO;
				SDKROOT = macosx10.6;
			};
			name = Debug;
		};
		4E71A80B08A2C90C0034BBD9 /* Release */ = {
			isa = XCBuildConfiguration;
			buildSettings = {
				ARCHS = "$(ARCHS_STANDARD_32_BIT)";
				GCC_C_LANGUAGE_STANDARD = c99;
				GCC_WARN_ABOUT_RETURN_TYPE = YES;
				GCC_WARN_UNUSED_VARIABLE = YES;
				PREBINDING = NO;
				SDKROOT = macosx10.6;
			};
			name = Release;
		};
/* End XCBuildConfiguration section */

/* Begin XCConfigurationList section */
		4E71A80508A2C90C0034BBD9 /* Build configuration list for PBXNativeTarget "QuickMusic" */ = {
			isa = XCConfigurationList;
			buildConfigurations = (
				4E71A80608A2C90C0034BBD9 /* Debug */,
				4E71A80708A2C90C0034BBD9 /* Release */,
			);
			defaultConfigurationIsVisible = 0;
			defaultConfigurationName = Release;
		};
		4E71A80908A2C90C0034BBD9 /* Build configuration list for PBXProject "QuickMusic" */ = {
			isa = XCConfigurationList;
			buildConfigurations = (
				4E71A80A08A2C90C0034BBD9 /* Debug */,
				4E71A80B08A2C90C0034BBD9 /* Release */,
			);
			defaultConfigurationIsVisible = 0;
			defaultConfigurationName = Release;
		};
/* End XCConfigurationList section */
	};
	rootObject = 29B97313FDCFA39411CA2CEA /* Project object */;
}
